Microsoft Visual Studio Solution File, Format Version 12.00
# Visual Studio Version 17
VisualStudioVersion = 17.5.2.0
MinimumVisualStudioVersion = 10.0.40219.1
Project("{FAE04EC0-301F-11D3-BF4B-00C04F79EFBC}") = "stuentdb", "stuentdb.csproj", "{E4127DC1-90EE-DE11-1A8B-C2BB7CFF180A}"
EndProject
Global
	GlobalSection(SolutionConfigurationPlatforms) = preSolution
		Debug|Any CPU = Debug|Any CPU
		Release|Any CPU = Release|Any CPU
	EndGlobalSection
	GlobalSection(ProjectConfigurationPlatforms) = postSolution
		{E4127DC1-90EE-DE11-1A8B-C2BB7CFF180A}.Debug|Any CPU.ActiveCfg = Debug|Any CPU
		{E4127DC1-90EE-DE11-1A8B-C2BB7CFF180A}.Debug|Any CPU.Build.0 = Debug|Any CPU
		{E4127DC1-90EE-DE11-1A8B-C2BB7CFF180A}.Release|Any CPU.ActiveCfg = Release|Any CPU
		{E4127DC1-90EE-DE11-1A8B-C2BB7CFF180A}.Release|Any CPU.Build.0 = Release|Any CPU
	EndGlobalSection
	GlobalSection(SolutionProperties) = preSolution
		HideSolutionNode = FALSE
	EndGlobalSection
	GlobalSection(ExtensibilityGlobals) = postSolution
		SolutionGuid = {B9F59939-9EED-43FF-A7DD-345E60639113}
	EndGlobalSection
EndGlobal
